{
  "lockfileVersion": 3,
  "packages": {
    "": {
      "dependencies": {
        "@zxing/library": "0.23.0",
        "fast-png": "8.0.0",
        "jpeg-js": "0.4.4"
      }
    },
    "node_modules/@zxing/library": {
      "version": "0.23.0",
      "resolved": "https://registry.npmjs.org/@zxing/library/-/library-0.23.0.tgz",
      "integrity": "sha512-6fkkoFwP8CHxl6ugnPsj74PLJgX2iRv5zczGAyt5OBzQgxFhuhF0NCEc4t4OvSr8xAv2MRLlI0Iu9ZGDZQ2urA==",
      "dependencies": {
        "ts-custom-error": "^3.3.1"
      }
    },
    "node_modules/fast-png": {
      "version": "8.0.0",
      "resolved": "https://registry.npmjs.org/fast-png/-/fast-png-8.0.0.tgz",
      "integrity": "sha512-gCysNasJ8KEMgfdYIKd/wTDo6ENK1PWT0RJO7O+0pgmuHPw2O6tA1WvdxFRJoLf9V8yFYpG0FA1YgI8X97OhJA==",
      "dependencies": {
        "fflate": "^0.8.2",
        "iobuffer": "^6.0.1"
      }
    },
    "node_modules/jpeg-js": {
      "version": "0.4.4",
      "resolved": "https://registry.npmjs.org/jpeg-js/-/jpeg-js-0.4.4.tgz",
      "integrity": "sha512-WZzeDOEtTOBK4Mdsar0IqEU5sMr3vSV2RqkAIzUEV2BHnUfKGyswWFPFwK5EeDo93K3FohSHbLAjj0s1Wzd+dg==",
      "dependencies": {}
    },
    "node_modules/@zxing/library/node_modules/ts-custom-error": {
      "version": "3.3.1",
      "resolved": "https://registry.npmjs.org/ts-custom-error/-/ts-custom-error-3.3.1.tgz",
      "integrity": "sha512-5OX1tzOjxWEgsr/YEUWSuPrQ00deKLh6D7OTWcvNHm12/7QPyRh8SYpyWvA4IZv8H/+GQWQEh/kwo95Q9OVW1A=="
    },
    "node_modules/fast-png/node_modules/fflate": {
      "version": "0.8.3",
      "resolved": "https://registry.npmjs.org/fflate/-/fflate-0.8.3.tgz",
      "integrity": "sha512-tbZNuJrLwGUp3zshBtdy4W+ORxZuIh8a5ilyIEQDC5rY1f3U20JMry0Ll3WBzU58EZKsEuJFXhb5gwv8CsPvgA=="
    },
    "node_modules/fast-png/node_modules/iobuffer": {
      "version": "6.0.1",
      "resolved": "https://registry.npmjs.org/iobuffer/-/iobuffer-6.0.1.tgz",
      "integrity": "sha512-SZWYkWNfjIXIBYSDpXDYIgshqtbOPsi4lviawAEceR1Kqk+sHDlcQjWrzNQsii80AyBY0q5c8HCTNjqo74ul+Q==",
      "dependencies": {}
    }
  }
}
